dependencies:
- name: mongodb
  repository: https://charts.bitnami.com/bitnami
  version: 14.3.1
- name: mongodb
  repository: https://charts.bitnami.com/bitnami
  version: 14.3.1
- name: postgresql
  repository: ""
  version: 13.2.18
- name: postgresql
  repository: ""
  version: 13.2.18
- name: postgresql
  repository: ""
  version: 13.2.18
- name: postgresql
  repository: ""
  version: 13.2.18
- name: banner
  repository: ""
  version: 0.1.0
- name: oms
  repository: ""
  version: 0.1.0
- name: erp
  repository: ""
  version: 0.1.0
- name: store
  repository: ""
  version: 0.1.0
digest: sha256:a990980901f26667f667b4e6b796c97332a69a10d1fddba95f1654d9271db48c
generated: "2024-01-02T09:44:35.272649754+02:00"
