dependencies:
- name: mongodb
  repository: https://charts.bitnami.com/bitnami
  version: 14.3.1
- name: mongodb
  repository: https://charts.bitnami.com/bitnami
  version: 14.3.1
- name: postgresql
  repository: ""
  version: 13.2.18
- name: postgresql
  repository: ""
  version: 13.2.18
- name: postgresql
  repository: ""
  version: 13.2.18
digest: sha256:13710b67f65785d9231e4cdb2fb8872d91e9ed2e66577bde855cbb1cf281750d
generated: "2023-12-28T12:06:54.778103928+02:00"
